
Microsoft Visual Studio Solution File, Format Version 12.00
# Visual Studio 14
VisualStudioVersion = 14.0.23107.0
MinimumVisualStudioVersion = 10.0.40219.1
Project("{FAE04EC0-301F-11D3-BF4B-00C04F79EFBC}") = "Client", "Client\Client.csproj", "{42CACFA8-40D9-4484-A7BF-EDC1CD1AA0BA}"
EndProject
Project("{FAE04EC0-301F-11D3-BF4B-00C04F79EFBC}") = "Server", "Server\Server.csproj", "{97F3FE58-E69E-47DC-AE45-E7C0FE1E2EFD}"
EndProject
Project("{FAE04EC0-301F-11D3-BF4B-00C04F79EFBC}") = "Shared", "Shared\Shared.csproj", "{DBB13D54-3B0D-469C-AF26-1FFD99A561F9}"
EndProject
Global
	GlobalSection(SolutionConfigurationPlatforms) = preSolution
		Debug|Any CPU = Debug|Any CPU
		Release|Any CPU = Release|Any CPU
	EndGlobalSection
	GlobalSection(ProjectConfigurationPlatforms) = postSolution
		{42CACFA8-40D9-4484-A7BF-EDC1CD1AA0BA}.Debug|Any CPU.ActiveCfg = Debug|Any CPU
		{42CACFA8-40D9-4484-A7BF-EDC1CD1AA0BA}.Debug|Any CPU.Build.0 = Debug|Any CPU
		{42CACFA8-40D9-4484-A7BF-EDC1CD1AA0BA}.Release|Any CPU.ActiveCfg = Release|Any CPU
		{42CACFA8-40D9-4484-A7BF-EDC1CD1AA0BA}.Release|Any CPU.Build.0 = Release|Any CPU
		{97F3FE58-E69E-47DC-AE45-E7C0FE1E2EFD}.Debug|Any CPU.ActiveCfg = Debug|Any CPU
		{97F3FE58-E69E-47DC-AE45-E7C0FE1E2EFD}.Debug|Any CPU.Build.0 = Debug|Any CPU
		{97F3FE58-E69E-47DC-AE45-E7C0FE1E2EFD}.Release|Any CPU.ActiveCfg = Release|Any CPU
		{97F3FE58-E69E-47DC-AE45-E7C0FE1E2EFD}.Release|Any CPU.Build.0 = Release|Any CPU
		{DBB13D54-3B0D-469C-AF26-1FFD99A561F9}.Debug|Any CPU.ActiveCfg = Debug|Any CPU
		{DBB13D54-3B0D-469C-AF26-1FFD99A561F9}.Debug|Any CPU.Build.0 = Debug|Any CPU
		{DBB13D54-3B0D-469C-AF26-1FFD99A561F9}.Release|Any CPU.ActiveCfg = Release|Any CPU
		{DBB13D54-3B0D-469C-AF26-1FFD99A561F9}.Release|Any CPU.Build.0 = Release|Any CPU
	EndGlobalSection
	GlobalSection(SolutionProperties) = preSolution
		HideSolutionNode = FALSE
	EndGlobalSection
EndGlobal
